
Microsoft Visual Studio Solution File, Format Version 12.00
# Visual Studio Version 16
VisualStudioVersion = 16.0.30517.126
MinimumVisualStudioVersion = 10.0.40219.1
Project("{9A19103F-16F7-4668-BE54-9A1E7A4F7556}") = "Bogeman", "Bogeman.csproj", "{D57D2B83-A3B8-4D4B-8F43-C9815F2FF038}"
EndProject
Global
	GlobalSection(SolutionConfigurationPlatforms) = preSolution
		Debug|Any CPU = Debug|Any CPU
		Release|Any CPU = Release|Any CPU
	EndGlobalSection
	GlobalSection(ProjectConfigurationPlatforms) = postSolution
		{D57D2B83-A3B8-4D4B-8F43-C9815F2FF038}.Debug|Any CPU.ActiveCfg = Debug|Any CPU
		{D57D2B83-A3B8-4D4B-8F43-C9815F2FF038}.Debug|Any CPU.Build.0 = Debug|Any CPU
		{D57D2B83-A3B8-4D4B-8F43-C9815F2FF038}.Release|Any CPU.ActiveCfg = Release|Any CPU
		{D57D2B83-A3B8-4D4B-8F43-C9815F2FF038}.Release|Any CPU.Build.0 = Release|Any CPU
	EndGlobalSection
	GlobalSection(SolutionProperties) = preSolution
		HideSolutionNode = FALSE
	EndGlobalSection
	GlobalSection(ExtensibilityGlobals) = postSolution
		SolutionGuid = {7B34C11A-D57C-476C-A188-860AF0635A6D}
	EndGlobalSection
EndGlobal
